
Microsoft Visual Studio Solution File, Format Version 11.00
# Visual Studio 2010
Project("{FAE04EC0-301F-11D3-BF4B-00C04F79EFBC}") = "Craft.Local", "Craft.Local\Craft.Local.csproj", "{AB45297B-510B-4305-B500-A0FB115F507A}"
EndProject
Global
	GlobalSection(SolutionConfigurationPlatforms) = preSolution
		Debug|x86 = Debug|x86
		Release|x86 = Release|x86
	EndGlobalSection
	GlobalSection(ProjectConfigurationPlatforms) = postSolution
		{AB45297B-510B-4305-B500-A0FB115F507A}.Debug|x86.ActiveCfg = Debug|x86
		{AB45297B-510B-4305-B500-A0FB115F507A}.Debug|x86.Build.0 = Debug|x86
		{AB45297B-510B-4305-B500-A0FB115F507A}.Release|x86.ActiveCfg = Release|x86
		{AB45297B-510B-4305-B500-A0FB115F507A}.Release|x86.Build.0 = Release|x86
	EndGlobalSection
	GlobalSection(SolutionProperties) = preSolution
		HideSolutionNode = FALSE
	EndGlobalSection
EndGlobal
